// !$*UTF8*$!
{
	archiveVersion = 1;
	classes = {
	};
	objectVersion = 46;
	objects = {

/* Begin PBXBuildFile section */
		01711C581ED6187A0066EB60 /* WheelCollectionView.swift in Sources */ = {isa = PBXBuildFile; fileRef = 01711C571ED6187A0066EB60 /* WheelCollectionView.swift */; };
		019E75751EAD927500E80841 /* CollectionViewWheelCell.swift in Sources */ = {isa = PBXBuildFile; fileRef = 019E75741EAD927500E80841 /* CollectionViewWheelCell.swift */; };
		01A2BE351ED7497F00854E82 /* ColorViewController.swift in Sources */ = {isa = PBXBuildFile; fileRef = 01A2BE341ED7497F00854E82 /* ColorViewController.swift */; };
		01C2FD801EAD800A00DE0006 /* AppDelegate.swift in Sources */ = {isa = PBXBuildFile; fileRef = 01C2FD7F1EAD800A00DE0006 /* AppDelegate.swift */; };
		01C2FD821EAD800A00DE0006 /* ViewController.swift in Sources */ = {isa = PBXBuildFile; fileRef = 01C2FD811EAD800A00DE0006 /* ViewController.swift */; };
		01C2FD851EAD800A00DE0006 /* Main.storyboard in Resources */ = {isa = PBXBuildFile; fileRef = 01C2FD831EAD800A00DE0006 /* Main.storyboard */; };
		01C2FD871EAD800A00DE0006 /* Assets.xcassets in Resources */ = {isa = PBXBuildFile; fileRef = 01C2FD861EAD800A00DE0006 /* Assets.xcassets */; };
		01C2FD8F1EAD81B500DE0006 /* CollectionViewWheelLayout.swift in Sources */ = {isa = PBXBuildFile; fileRef = 01C2FD8E1EAD81B500DE0006 /* CollectionViewWheelLayout.swift */; };
/* End PBXBuildFile section */

/* Begin PBXFileReference section */
		01711C571ED6187A0066EB60 /* WheelCollectionView.swift */ = {isa = PBXFileReference; fileEncoding = 4; lastKnownFileType = sourcecode.swift; path = WheelCollectionView.swift; sourceTree = "<group>"; };
		019E75741EAD927500E80841 /* CollectionViewWheelCell.swift */ = {isa = PBXFileReference; fileEncoding = 4; lastKnownFileType = sourcecode.swift; path = CollectionViewWheelCell.swift; sourceTree = "<group>"; };
		01A2BE341ED7497F00854E82 /* ColorViewController.swift */ = {isa = PBXFileReference; fileEncoding = 4; lastKnownFileType = sourcecode.swift; path = ColorViewController.swift; sourceTree = "<group>"; };
		01C2FD7C1EAD800A00DE0006 /* FocusWheel.app */ = {isa = PBXFileReference; explicitFileType = wrapper.application; includeInIndex = 0; path = FocusWheel.app; sourceTree = BUILT_PRODUCTS_DIR; };
		01C2FD7F1EAD800A00DE0006 /* AppDelegate.swift */ = {isa = PBXFileReference; lastKnownFileType = sourcecode.swift; path = AppDelegate.swift; sourceTree = "<group>"; };
		01C2FD811EAD800A00DE0006 /* ViewController.swift */ = {isa = PBXFileReference; lastKnownFileType = sourcecode.swift; path = ViewController.swift; sourceTree = "<group>"; };
		01C2FD841EAD800A00DE0006 /* Base */ = {isa = PBXFileReference; lastKnownFileType = file.storyboard; name = Base; path = Base.lproj/Main.storyboard; sourceTree = "<group>"; };
		01C2FD861EAD800A00DE0006 /* Assets.xcassets */ = {isa = PBXFileReference; lastKnownFileType = folder.assetcatalog; path = Assets.xcassets; sourceTree = "<group>"; };
		01C2FD881EAD800A00DE0006 /* Info.plist */ = {isa = PBXFileReference; lastKnownFileType = text.plist.xml; path = Info.plist; sourceTree = "<group>"; };
		01C2FD8E1EAD81B500DE0006 /* CollectionViewWheelLayout.swift */ = {isa = PBXFileReference; fileEncoding = 4; lastKnownFileType = sourcecode.swift; path = CollectionViewWheelLayout.swift; sourceTree = "<group>"; };
/* End PBXFileReference section */

/* Begin PBXFrameworksBuildPhase section */
		01C2FD791EAD800A00DE0006 /* Frameworks */ = {
			isa = PBXFrameworksBuildPhase;
			buildActionMask = 2147483647;
			files = (
			);
			runOnlyForDeploymentPostprocessing = 0;
		};
/* End PBXFrameworksBuildPhase section */

/* Begin PBXGroup section */
		01C2FD731EAD800A00DE0006 = {
			isa = PBXGroup;
			children = (
				01C2FD7E1EAD800A00DE0006 /* FocusWheel */,
				01C2FD7D1EAD800A00DE0006 /* Products */,
			);
			sourceTree = "<group>";
		};
		01C2FD7D1EAD800A00DE0006 /* Products */ = {
			isa = PBXGroup;
			children = (
				01C2FD7C1EAD800A00DE0006 /* FocusWheel.app */,
			);
			name = Products;
			sourceTree = "<group>";
		};
		01C2FD7E1EAD800A00DE0006 /* FocusWheel */ = {
			isa = PBXGroup;
			children = (
				01C2FD8E1EAD81B500DE0006 /* CollectionViewWheelLayout.swift */,
				01711C571ED6187A0066EB60 /* WheelCollectionView.swift */,
				01C2FD7F1EAD800A00DE0006 /* AppDelegate.swift */,
				01C2FD811EAD800A00DE0006 /* ViewController.swift */,
				019E75741EAD927500E80841 /* CollectionViewWheelCell.swift */,
				01A2BE341ED7497F00854E82 /* ColorViewController.swift */,
				01C2FD831EAD800A00DE0006 /* Main.storyboard */,
				01C2FD861EAD800A00DE0006 /* Assets.xcassets */,
				01C2FD881EAD800A00DE0006 /* Info.plist */,
			);
			path = FocusWheel;
			sourceTree = "<group>";
		};
/* End PBXGroup section */

/* Begin PBXNativeTarget section */
		01C2FD7B1EAD800A00DE0006 /* FocusWheel */ = {
			isa = PBXNativeTarget;
			buildConfigurationList = 01C2FD8B1EAD800A00DE0006 /* Build configuration list for PBXNativeTarget "FocusWheel" */;
			buildPhases = (
				01C2FD781EAD800A00DE0006 /* Sources */,
				01C2FD791EAD800A00DE0006 /* Frameworks */,
				01C2FD7A1EAD800A00DE0006 /* Resources */,
			);
			buildRules = (
			);
			dependencies = (
			);
			name = FocusWheel;
			productName = FocusWheel;
			productReference = 01C2FD7C1EAD800A00DE0006 /* FocusWheel.app */;
			productType = "com.apple.product-type.application";
		};
/* End PBXNativeTarget section */

/* Begin PBXProject section */
		01C2FD741EAD800A00DE0006 /* Project object */ = {
			isa = PBXProject;
			attributes = {
				LastSwiftUpdateCheck = 0830;
				LastUpgradeCheck = 0830;
				ORGANIZATIONNAME = "Big Nerd Ranch";
				TargetAttributes = {
					01C2FD7B1EAD800A00DE0006 = {
						CreatedOnToolsVersion = 8.3.1;
						DevelopmentTeam = 439592V3LM;
						ProvisioningStyle = Automatic;
					};
				};
			};
			buildConfigurationList = 01C2FD771EAD800A00DE0006 /* Build configuration list for PBXProject "FocusWheel" */;
			compatibilityVersion = "Xcode 3.2";
			developmentRegion = English;
			hasScannedForEncodings = 0;
			knownRegions = (
				en,
				Base,
			);
			mainGroup = 01C2FD731EAD800A00DE0006;
			productRefGroup = 01C2FD7D1EAD800A00DE0006 /* Products */;
			projectDirPath = "";
			projectRoot = "";
			targets = (
				01C2FD7B1EAD800A00DE0006 /* FocusWheel */,
			);
		};
/* End PBXProject section */

/* Begin PBXResourcesBuildPhase section */
		01C2FD7A1EAD800A00DE0006 /* Resources */ = {
			isa = PBXResourcesBuildPhase;
			buildActionMask = 2147483647;
			files = (
				01C2FD871EAD800A00DE0006 /* Assets.xcassets in Resources */,
				01C2FD851EAD800A00DE0006 /* Main.storyboard in Resources */,
			);
			runOnlyForDeploymentPostprocessing = 0;
		};
/* End PBXResourcesBuildPhase section */

/* Begin PBXSourcesBuildPhase section */
		01C2FD781EAD800A00DE0006 /* Sources */ = {
			isa = PBXSourcesBuildPhase;
			buildActionMask = 2147483647;
			files = (
				019E75751EAD927500E80841 /* CollectionViewWheelCell.swift in Sources */,
				01C2FD8F1EAD81B500DE0006 /* CollectionViewWheelLayout.swift in Sources */,
				01C2FD821EAD800A00DE0006 /* ViewController.swift in Sources */,
				01C2FD801EAD800A00DE0006 /* AppDelegate.swift in Sources */,
				01A2BE351ED7497F00854E82 /* ColorViewController.swift in Sources */,
				01711C581ED6187A0066EB60 /* WheelCollectionView.swift in Sources */,
			);
			runOnlyForDeploymentPostprocessing = 0;
		};
/* End PBXSourcesBuildPhase section */

/* Begin PBXVariantGroup section */
		01C2FD831EAD800A00DE0006 /* Main.storyboard */ = {
			isa = PBXVariantGroup;
			children = (
				01C2FD841EAD800A00DE0006 /* Base */,
			);
			name = Main.storyboard;
			sourceTree = "<group>";
		};
/* End PBXVariantGroup section */

/* Begin XCBuildConfiguration section */
		01C2FD891EAD800A00DE0006 /* Debug */ = {
			isa = XCBuildConfiguration;
			buildSettings = {
				ALWAYS_SEARCH_USER_PATHS = NO;
				CLANG_ANALYZER_NONNULL = YES;
				CLANG_ANALYZER_NUMBER_OBJECT_CONVERSION = YES_AGGRESSIVE;
				CLANG_CXX_LANGUAGE_STANDARD = "gnu++0x";
				CLANG_CXX_LIBRARY = "libc++";
				CLANG_ENABLE_MODULES = YES;
				CLANG_ENABLE_OBJC_ARC = YES;
				CLANG_WARN_BOOL_CONVERSION = YES;
				CLANG_WARN_CONSTANT_CONVERSION = YES;
				CLANG_WARN_DIRECT_OBJC_ISA_USAGE = YES_ERROR;
				CLANG_WARN_DOCUMENTATION_COMMENTS = YES;
				CLANG_WARN_EMPTY_BODY = YES;
				CLANG_WARN_ENUM_CONVERSION = YES;
				CLANG_WARN_INFINITE_RECURSION = YES;
				CLANG_WARN_INT_CONVERSION = YES;
				CLANG_WARN_OBJC_ROOT_CLASS = YES_ERROR;
				CLANG_WARN_SUSPICIOUS_MOVE = YES;
				CLANG_WARN_UNREACHABLE_CODE = YES;
				CLANG_WARN__DUPLICATE_METHOD_MATCH = YES;
				COPY_PHASE_STRIP = NO;
				DEBUG_INFORMATION_FORMAT = dwarf;
				ENABLE_STRICT_OBJC_MSGSEND = YES;
				ENABLE_TESTABILITY = YES;
				GCC_C_LANGUAGE_STANDARD = gnu99;
				GCC_DYNAMIC_NO_PIC = NO;
				GCC_NO_COMMON_BLOCKS = YES;
				GCC_OPTIMIZATION_LEVEL = 0;
				GCC_PREPROCESSOR_DEFINITIONS = (
					"DEBUG=1",
					"$(inherited)",
				);
				GCC_WARN_64_TO_32_BIT_CONVERSION = YES;
				GCC_WARN_ABOUT_RETURN_TYPE = YES_ERROR;
				GCC_WARN_UNDECLARED_SELECTOR = YES;
				GCC_WARN_UNINITIALIZED_AUTOS = YES_AGGRESSIVE;
				GCC_WARN_UNUSED_FUNCTION = YES;
				GCC_WARN_UNUSED_VARIABLE = YES;
				MTL_ENABLE_DEBUG_INFO = YES;
				ONLY_ACTIVE_ARCH = YES;
				SDKROOT = appletvos;
				SWIFT_ACTIVE_COMPILATION_CONDITIONS = DEBUG;
				SWIFT_OPTIMIZATION_LEVEL = "-Onone";
				TARGETED_DEVICE_FAMILY = 3;
				TVOS_DEPLOYMENT_TARGET = 10.2;
			};
			name = Debug;
		};
		01C2FD8A1EAD800A00DE0006 /* Release */ = {
			isa = XCBuildConfiguration;
			buildSettings = {
				ALWAYS_SEARCH_USER_PATHS = NO;
				CLANG_ANALYZER_NONNULL = YES;
				CLANG_ANALYZER_NUMBER_OBJECT_CONVERSION = YES_AGGRESSIVE;
				CLANG_CXX_LANGUAGE_STANDARD = "gnu++0x";
				CLANG_CXX_LIBRARY = "libc++";
				CLANG_ENABLE_MODULES = YES;
				CLANG_ENABLE_OBJC_ARC = YES;
				CLANG_WARN_BOOL_CONVERSION = YES;
				CLANG_WARN_CONSTANT_CONVERSION = YES;
				CLANG_WARN_DIRECT_OBJC_ISA_USAGE = YES_ERROR;
				CLANG_WARN_DOCUMENTATION_COMMENTS = YES;
				CLANG_WARN_EMPTY_BODY = YES;
				CLANG_WARN_ENUM_CONVERSION = YES;
				CLANG_WARN_INFINITE_RECURSION = YES;
				CLANG_WARN_INT_CONVERSION = YES;
				CLANG_WARN_OBJC_ROOT_CLASS = YES_ERROR;
				CLANG_WARN_SUSPICIOUS_MOVE = YES;
				CLANG_WARN_UNREACHABLE_CODE = YES;
				CLANG_WARN__DUPLICATE_METHOD_MATCH = YES;
				COPY_PHASE_STRIP = NO;
				DEBUG_INFORMATION_FORMAT = "dwarf-with-dsym";
				ENABLE_NS_ASSERTIONS = NO;
				ENABLE_STRICT_OBJC_MSGSEND = YES;
				GCC_C_LANGUAGE_STANDARD = gnu99;
				GCC_NO_COMMON_BLOCKS = YES;
				GCC_WARN_64_TO_32_BIT_CONVERSION = YES;
				GCC_WARN_ABOUT_RETURN_TYPE = YES_ERROR;
				GCC_WARN_UNDECLARED_SELECTOR = YES;
				GCC_WARN_UNINITIALIZED_AUTOS = YES_AGGRESSIVE;
				GCC_WARN_UNUSED_FUNCTION = YES;
				GCC_WARN_UNUSED_VARIABLE = YES;
				MTL_ENABLE_DEBUG_INFO = NO;
				SDKROOT = appletvos;
				SWIFT_OPTIMIZATION_LEVEL = "-Owholemodule";
				TARGETED_DEVICE_FAMILY = 3;
				TVOS_DEPLOYMENT_TARGET = 10.2;
				VALIDATE_PRODUCT = YES;
			};
			name = Release;
		};
		01C2FD8C1EAD800A00DE0006 /* Debug */ = {
			isa = XCBuildConfiguration;
			buildSettings = {
				ASSETCATALOG_COMPILER_APPICON_NAME = "App Icon & Top Shelf Image";
				ASSETCATALOG_COMPILER_LAUNCHIMAGE_NAME = LaunchImage;
				DEVELOPMENT_TEAM = 439592V3LM;
				INFOPLIST_FILE = FocusWheel/Info.plist;
				LD_RUNPATH_SEARCH_PATHS = "$(inherited) @executable_path/Frameworks";
				PRODUCT_BUNDLE_IDENTIFIER = com.bignerdranch.FocusWheel;
				PRODUCT_NAME = "$(TARGET_NAME)";
				SWIFT_VERSION = 3.0;
			};
			name = Debug;
		};
		01C2FD8D1EAD800A00DE0006 /* Release */ = {
			isa = XCBuildConfiguration;
			buildSettings = {
				ASSETCATALOG_COMPILER_APPICON_NAME = "App Icon & Top Shelf Image";
				ASSETCATALOG_COMPILER_LAUNCHIMAGE_NAME = LaunchImage;
				DEVELOPMENT_TEAM = 439592V3LM;
				INFOPLIST_FILE = FocusWheel/Info.plist;
				LD_RUNPATH_SEARCH_PATHS = "$(inherited) @executable_path/Frameworks";
				PRODUCT_BUNDLE_IDENTIFIER = com.bignerdranch.FocusWheel;
				PRODUCT_NAME = "$(TARGET_NAME)";
				SWIFT_VERSION = 3.0;
			};
			name = Release;
		};
/* End XCBuildConfiguration section */

/* Begin XCConfigurationList section */
		01C2FD771EAD800A00DE0006 /* Build configuration list for PBXProject "FocusWheel" */ = {
			isa = XCConfigurationList;
			buildConfigurations = (
				01C2FD891EAD800A00DE0006 /* Debug */,
				01C2FD8A1EAD800A00DE0006 /* Release */,
			);
			defaultConfigurationIsVisible = 0;
			defaultConfigurationName = Release;
		};
		01C2FD8B1EAD800A00DE0006 /* Build configuration list for PBXNativeTarget "FocusWheel" */ = {
			isa = XCConfigurationList;
			buildConfigurations = (
				01C2FD8C1EAD800A00DE0006 /* Debug */,
				01C2FD8D1EAD800A00DE0006 /* Release */,
			);
			defaultConfigurationIsVisible = 0;
			defaultConfigurationName = Release;
		};
/* End XCConfigurationList section */
	};
	rootObject = 01C2FD741EAD800A00DE0006 /* Project object */;
}
